
Microsoft Visual Studio Solution File, Format Version 12.00
# Visual Studio Version 16
VisualStudioVersion = 16.0.33927.289
MinimumVisualStudioVersion = 10.0.40219.1
Project("{8BC9CEB8-8B4A-11D0-8D11-00A0C91BC942}") = "Server", "Server\Server.vcxproj", "{6CD297EC-3518-46CA-884D-2FB0FF38382E}"
EndProject
Project("{8BC9CEB8-8B4A-11D0-8D11-00A0C91BC942}") = "Client", "Client\Client.vcxproj", "{FDDD8805-8EC7-45D4-9FE5-12B0174CC9C3}"
EndProject
Global
	GlobalSection(SolutionConfigurationPlatforms) = preSolution
		Debug|x64 = Debug|x64
		Debug|x86 = Debug|x86
		Release|x64 = Release|x64
		Release|x86 = Release|x86
	EndGlobalSection
	GlobalSection(ProjectConfigurationPlatforms) = postSolution
		{6CD297EC-3518-46CA-884D-2FB0FF38382E}.Debug|x64.ActiveCfg = Debug|x64
		{6CD297EC-3518-46CA-884D-2FB0FF38382E}.Debug|x64.Build.0 = Debug|x64
		{6CD297EC-3518-46CA-884D-2FB0FF38382E}.Debug|x86.ActiveCfg = Debug|Win32
		{6CD297EC-3518-46CA-884D-2FB0FF38382E}.Debug|x86.Build.0 = Debug|Win32
		{6CD297EC-3518-46CA-884D-2FB0FF38382E}.Release|x64.ActiveCfg = Release|x64
		{6CD297EC-3518-46CA-884D-2FB0FF38382E}.Release|x64.Build.0 = Release|x64
		{6CD297EC-3518-46CA-884D-2FB0FF38382E}.Release|x86.ActiveCfg = Release|Win32
		{6CD297EC-3518-46CA-884D-2FB0FF38382E}.Release|x86.Build.0 = Release|Win32
		{FDDD8805-8EC7-45D4-9FE5-12B0174CC9C3}.Debug|x64.ActiveCfg = Debug|x64
		{FDDD8805-8EC7-45D4-9FE5-12B0174CC9C3}.Debug|x64.Build.0 = Debug|x64
		{FDDD8805-8EC7-45D4-9FE5-12B0174CC9C3}.Debug|x86.ActiveCfg = Debug|Win32
		{FDDD8805-8EC7-45D4-9FE5-12B0174CC9C3}.Debug|x86.Build.0 = Debug|Win32
		{FDDD8805-8EC7-45D4-9FE5-12B0174CC9C3}.Release|x64.ActiveCfg = Release|x64
		{FDDD8805-8EC7-45D4-9FE5-12B0174CC9C3}.Release|x64.Build.0 = Release|x64
		{FDDD8805-8EC7-45D4-9FE5-12B0174CC9C3}.Release|x86.ActiveCfg = Release|Win32
		{FDDD8805-8EC7-45D4-9FE5-12B0174CC9C3}.Release|x86.Build.0 = Release|Win32
	EndGlobalSection
	GlobalSection(SolutionProperties) = preSolution
		HideSolutionNode = FALSE
	EndGlobalSection
	GlobalSection(ExtensibilityGlobals) = postSolution
		SolutionGuid = {A093EDF7-67B4-46A7-B45E-A5A26110CFD5}
	EndGlobalSection
EndGlobal
